
Microsoft Visual Studio Solution File, Format Version 12.00
# Visual Studio Version 16
VisualStudioVersion = 16.0.30611.23
MinimumVisualStudioVersion = 10.0.40219.1
Project("{9A19103F-16F7-4668-BE54-9A1E7A4F7556}") = "nuru.NUI", "nuru.NUI\nuru.NUI.csproj", "{C6D5C0E7-9F45-4519-A92E-A83923F204B2}"
EndProject
Project("{9A19103F-16F7-4668-BE54-9A1E7A4F7556}") = "nuru.NUI.Tests", "nuru.NUI.Tests\nuru.NUI.Tests.csproj", "{81FFBF24-E397-45B7-883C-9F717B5276C5}"
EndProject
Project("{9A19103F-16F7-4668-BE54-9A1E7A4F7556}") = "BigEndian.IO", "..\bigendian\BigEndian.IO\BigEndian.IO.csproj", "{CA6B137E-A2BC-4CA3-9A41-192B4ADA3AB1}"
EndProject
Global
	GlobalSection(SolutionConfigurationPlatforms) = preSolution
		Debug|Any CPU = Debug|Any CPU
		Release|Any CPU = Release|Any CPU
	EndGlobalSection
	GlobalSection(ProjectConfigurationPlatforms) = postSolution
		{C6D5C0E7-9F45-4519-A92E-A83923F204B2}.Debug|Any CPU.ActiveCfg = Debug|Any CPU
		{C6D5C0E7-9F45-4519-A92E-A83923F204B2}.Debug|Any CPU.Build.0 = Debug|Any CPU
		{C6D5C0E7-9F45-4519-A92E-A83923F204B2}.Release|Any CPU.ActiveCfg = Release|Any CPU
		{C6D5C0E7-9F45-4519-A92E-A83923F204B2}.Release|Any CPU.Build.0 = Release|Any CPU
		{81FFBF24-E397-45B7-883C-9F717B5276C5}.Debug|Any CPU.ActiveCfg = Debug|Any CPU
		{81FFBF24-E397-45B7-883C-9F717B5276C5}.Debug|Any CPU.Build.0 = Debug|Any CPU
		{81FFBF24-E397-45B7-883C-9F717B5276C5}.Release|Any CPU.ActiveCfg = Release|Any CPU
		{81FFBF24-E397-45B7-883C-9F717B5276C5}.Release|Any CPU.Build.0 = Release|Any CPU
		{CA6B137E-A2BC-4CA3-9A41-192B4ADA3AB1}.Debug|Any CPU.ActiveCfg = Debug|Any CPU
		{CA6B137E-A2BC-4CA3-9A41-192B4ADA3AB1}.Debug|Any CPU.Build.0 = Debug|Any CPU
		{CA6B137E-A2BC-4CA3-9A41-192B4ADA3AB1}.Release|Any CPU.ActiveCfg = Release|Any CPU
		{CA6B137E-A2BC-4CA3-9A41-192B4ADA3AB1}.Release|Any CPU.Build.0 = Release|Any CPU
	EndGlobalSection
	GlobalSection(SolutionProperties) = preSolution
		HideSolutionNode = FALSE
	EndGlobalSection
	GlobalSection(ExtensibilityGlobals) = postSolution
		SolutionGuid = {7478A386-334E-4A36-8FDF-CFBBBAA9D0A1}
	EndGlobalSection
EndGlobal
